
Microsoft Visual Studio Solution File, Format Version 12.00
Project("{FAE04EC0-301F-11D3-BF4B-00C04F79EFBC}") = "Dashboard-Full", "Dashboard-Full\Dashboard-Full.csproj", "{964DD1FE-9FC9-4E61-808E-6A7BB3D52149}"
EndProject
Global
	GlobalSection(SolutionConfigurationPlatforms) = preSolution
		Debug|Any CPU = Debug|Any CPU
		Release|Any CPU = Release|Any CPU
	EndGlobalSection
	GlobalSection(ProjectConfigurationPlatforms) = postSolution
		{964DD1FE-9FC9-4E61-808E-6A7BB3D52149}.Debug|Any CPU.ActiveCfg = Debug|Any CPU
		{964DD1FE-9FC9-4E61-808E-6A7BB3D52149}.Debug|Any CPU.Build.0 = Debug|Any CPU
		{964DD1FE-9FC9-4E61-808E-6A7BB3D52149}.Release|Any CPU.ActiveCfg = Release|Any CPU
		{964DD1FE-9FC9-4E61-808E-6A7BB3D52149}.Release|Any CPU.Build.0 = Release|Any CPU
	EndGlobalSection
EndGlobal
